
Microsoft Visual Studio Solution File, Format Version 12.00
# Visual Studio 2013
VisualStudioVersion = 12.0.30501.0
MinimumVisualStudioVersion = 10.0.40219.1
Project("{FAE04EC0-301F-11D3-BF4B-00C04F79EFBC}") = "Cake", "Cake\Cake.csproj", "{066B4595-3C61-476B-9B21-7B302D02AE9D}"
EndProject
Project("{FAE04EC0-301F-11D3-BF4B-00C04F79EFBC}") = "Cake.Core", "Cake.Core\Cake.Core.csproj", "{8074B833-11B8-459F-BB98-BFBA2BC5C698}"
EndProject
Project("{FAE04EC0-301F-11D3-BF4B-00C04F79EFBC}") = "Cake.Core.Tests", "Cake.Core.Tests\Cake.Core.Tests.csproj", "{75F86C7D-AF8D-4948-91A4-8D54A6F8655D}"
EndProject
Project("{2150E333-8FDC-42A3-9474-1A3956D46DE8}") = "Tests", "Tests", "{D29930D2-A59D-4344-A100-121021ECD268}"
EndProject
Project("{FAE04EC0-301F-11D3-BF4B-00C04F79EFBC}") = "Cake.MSBuild", "Cake.MSBuild\Cake.MSBuild.csproj", "{2C98BE45-D5B5-4931-993B-E3AE3499D378}"
EndProject
Project("{2150E333-8FDC-42A3-9474-1A3956D46DE8}") = "Utilities", "Utilities", "{B7A3D885-5A9F-4987-819D-E83C93EA44B8}"
EndProject
Project("{FAE04EC0-301F-11D3-BF4B-00C04F79EFBC}") = "Cake.MSBuild.Tests", "Cake.MSBuild.Tests\Cake.MSBuild.Tests.csproj", "{040EC9AE-DC94-4E5C-9297-19FF0C09BFB1}"
EndProject
Project("{FAE04EC0-301F-11D3-BF4B-00C04F79EFBC}") = "Cake.XUnit", "Cake.XUnit\Cake.XUnit.csproj", "{00470437-65FC-4F59-BBE5-0B8ABCAF55FE}"
EndProject
Project("{FAE04EC0-301F-11D3-BF4B-00C04F79EFBC}") = "Cake.XUnit.Tests", "Cake.XUnit.Tests\Cake.XUnit.Tests.csproj", "{CDEED276-7FB6-4CB4-8958-7E372D961D86}"
EndProject
Project("{FAE04EC0-301F-11D3-BF4B-00C04F79EFBC}") = "Cake.Tests", "Cake.Tests\Cake.Tests.csproj", "{463B19BD-6937-4120-9EAC-FFE83D389651}"
EndProject
Project("{FAE04EC0-301F-11D3-BF4B-00C04F79EFBC}") = "Cake.IO", "Cake.IO\Cake.IO.csproj", "{D3519FA7-AC32-422C-B8FE-7246AD2FE562}"
EndProject
Project("{FAE04EC0-301F-11D3-BF4B-00C04F79EFBC}") = "Cake.IO.Tests", "Cake.IO.Tests\Cake.IO.Tests.csproj", "{64B76577-A4CE-4AE9-8C38-041376F202FE}"
EndProject
Project("{FAE04EC0-301F-11D3-BF4B-00C04F79EFBC}") = "Cake.NuGet", "Cake.NuGet\Cake.NuGet.csproj", "{F71BFB70-D8AA-4FC2-9E2A-47B83F12FA05}"
EndProject
Project("{FAE04EC0-301F-11D3-BF4B-00C04F79EFBC}") = "Cake.NuGet.Tests", "Cake.NuGet.Tests\Cake.NuGet.Tests.csproj", "{5A46F557-2FC1-4338-93BC-21BF2B8EB26C}"
EndProject
Global
	GlobalSection(SolutionConfigurationPlatforms) = preSolution
		Debug|Any CPU = Debug|Any CPU
		Release|Any CPU = Release|Any CPU
	EndGlobalSection
	GlobalSection(ProjectConfigurationPlatforms) = postSolution
		{066B4595-3C61-476B-9B21-7B302D02AE9D}.Debug|Any CPU.ActiveCfg = Debug|Any CPU
		{066B4595-3C61-476B-9B21-7B302D02AE9D}.Debug|Any CPU.Build.0 = Debug|Any CPU
		{066B4595-3C61-476B-9B21-7B302D02AE9D}.Release|Any CPU.ActiveCfg = Release|Any CPU
		{066B4595-3C61-476B-9B21-7B302D02AE9D}.Release|Any CPU.Build.0 = Release|Any CPU
		{8074B833-11B8-459F-BB98-BFBA2BC5C698}.Debug|Any CPU.ActiveCfg = Debug|Any CPU
		{8074B833-11B8-459F-BB98-BFBA2BC5C698}.Debug|Any CPU.Build.0 = Debug|Any CPU
		{8074B833-11B8-459F-BB98-BFBA2BC5C698}.Release|Any CPU.ActiveCfg = Release|Any CPU
		{8074B833-11B8-459F-BB98-BFBA2BC5C698}.Release|Any CPU.Build.0 = Release|Any CPU
		{75F86C7D-AF8D-4948-91A4-8D54A6F8655D}.Debug|Any CPU.ActiveCfg = Debug|Any CPU
		{75F86C7D-AF8D-4948-91A4-8D54A6F8655D}.Debug|Any CPU.Build.0 = Debug|Any CPU
		{75F86C7D-AF8D-4948-91A4-8D54A6F8655D}.Release|Any CPU.ActiveCfg = Release|Any CPU
		{75F86C7D-AF8D-4948-91A4-8D54A6F8655D}.Release|Any CPU.Build.0 = Release|Any CPU
		{2C98BE45-D5B5-4931-993B-E3AE3499D378}.Debug|Any CPU.ActiveCfg = Debug|Any CPU
		{2C98BE45-D5B5-4931-993B-E3AE3499D378}.Debug|Any CPU.Build.0 = Debug|Any CPU
		{2C98BE45-D5B5-4931-993B-E3AE3499D378}.Release|Any CPU.ActiveCfg = Release|Any CPU
		{2C98BE45-D5B5-4931-993B-E3AE3499D378}.Release|Any CPU.Build.0 = Release|Any CPU
		{040EC9AE-DC94-4E5C-9297-19FF0C09BFB1}.Debug|Any CPU.ActiveCfg = Debug|Any CPU
		{040EC9AE-DC94-4E5C-9297-19FF0C09BFB1}.Debug|Any CPU.Build.0 = Debug|Any CPU
		{040EC9AE-DC94-4E5C-9297-19FF0C09BFB1}.Release|Any CPU.ActiveCfg = Release|Any CPU
		{040EC9AE-DC94-4E5C-9297-19FF0C09BFB1}.Release|Any CPU.Build.0 = Release|Any CPU
		{00470437-65FC-4F59-BBE5-0B8ABCAF55FE}.Debug|Any CPU.ActiveCfg = Debug|Any CPU
		{00470437-65FC-4F59-BBE5-0B8ABCAF55FE}.Debug|Any CPU.Build.0 = Debug|Any CPU
		{00470437-65FC-4F59-BBE5-0B8ABCAF55FE}.Release|Any CPU.ActiveCfg = Release|Any CPU
		{00470437-65FC-4F59-BBE5-0B8ABCAF55FE}.Release|Any CPU.Build.0 = Release|Any CPU
		{CDEED276-7FB6-4CB4-8958-7E372D961D86}.Debug|Any CPU.ActiveCfg = Debug|Any CPU
		{CDEED276-7FB6-4CB4-8958-7E372D961D86}.Debug|Any CPU.Build.0 = Debug|Any CPU
		{CDEED276-7FB6-4CB4-8958-7E372D961D86}.Release|Any CPU.ActiveCfg = Release|Any CPU
		{CDEED276-7FB6-4CB4-8958-7E372D961D86}.Release|Any CPU.Build.0 = Release|Any CPU
		{463B19BD-6937-4120-9EAC-FFE83D389651}.Debug|Any CPU.ActiveCfg = Debug|Any CPU
		{463B19BD-6937-4120-9EAC-FFE83D389651}.Debug|Any CPU.Build.0 = Debug|Any CPU
		{463B19BD-6937-4120-9EAC-FFE83D389651}.Release|Any CPU.ActiveCfg = Release|Any CPU
		{463B19BD-6937-4120-9EAC-FFE83D389651}.Release|Any CPU.Build.0 = Release|Any CPU
		{D3519FA7-AC32-422C-B8FE-7246AD2FE562}.Debug|Any CPU.ActiveCfg = Debug|Any CPU
		{D3519FA7-AC32-422C-B8FE-7246AD2FE562}.Debug|Any CPU.Build.0 = Debug|Any CPU
		{D3519FA7-AC32-422C-B8FE-7246AD2FE562}.Release|Any CPU.ActiveCfg = Release|Any CPU
		{D3519FA7-AC32-422C-B8FE-7246AD2FE562}.Release|Any CPU.Build.0 = Release|Any CPU
		{64B76577-A4CE-4AE9-8C38-041376F202FE}.Debug|Any CPU.ActiveCfg = Debug|Any CPU
		{64B76577-A4CE-4AE9-8C38-041376F202FE}.Debug|Any CPU.Build.0 = Debug|Any CPU
		{64B76577-A4CE-4AE9-8C38-041376F202FE}.Release|Any CPU.ActiveCfg = Release|Any CPU
		{64B76577-A4CE-4AE9-8C38-041376F202FE}.Release|Any CPU.Build.0 = Release|Any CPU
		{F71BFB70-D8AA-4FC2-9E2A-47B83F12FA05}.Debug|Any CPU.ActiveCfg = Debug|Any CPU
		{F71BFB70-D8AA-4FC2-9E2A-47B83F12FA05}.Debug|Any CPU.Build.0 = Debug|Any CPU
		{F71BFB70-D8AA-4FC2-9E2A-47B83F12FA05}.Release|Any CPU.ActiveCfg = Release|Any CPU
		{F71BFB70-D8AA-4FC2-9E2A-47B83F12FA05}.Release|Any CPU.Build.0 = Release|Any CPU
		{5A46F557-2FC1-4338-93BC-21BF2B8EB26C}.Debug|Any CPU.ActiveCfg = Debug|Any CPU
		{5A46F557-2FC1-4338-93BC-21BF2B8EB26C}.Debug|Any CPU.Build.0 = Debug|Any CPU
		{5A46F557-2FC1-4338-93BC-21BF2B8EB26C}.Release|Any CPU.ActiveCfg = Release|Any CPU
		{5A46F557-2FC1-4338-93BC-21BF2B8EB26C}.Release|Any CPU.Build.0 = Release|Any CPU
	EndGlobalSection
	GlobalSection(SolutionProperties) = preSolution
		HideSolutionNode = FALSE
	EndGlobalSection
	GlobalSection(NestedProjects) = preSolution
		{75F86C7D-AF8D-4948-91A4-8D54A6F8655D} = {D29930D2-A59D-4344-A100-121021ECD268}
		{2C98BE45-D5B5-4931-993B-E3AE3499D378} = {B7A3D885-5A9F-4987-819D-E83C93EA44B8}
		{040EC9AE-DC94-4E5C-9297-19FF0C09BFB1} = {B7A3D885-5A9F-4987-819D-E83C93EA44B8}
		{00470437-65FC-4F59-BBE5-0B8ABCAF55FE} = {B7A3D885-5A9F-4987-819D-E83C93EA44B8}
		{CDEED276-7FB6-4CB4-8958-7E372D961D86} = {B7A3D885-5A9F-4987-819D-E83C93EA44B8}
		{463B19BD-6937-4120-9EAC-FFE83D389651} = {D29930D2-A59D-4344-A100-121021ECD268}
		{D3519FA7-AC32-422C-B8FE-7246AD2FE562} = {B7A3D885-5A9F-4987-819D-E83C93EA44B8}
		{64B76577-A4CE-4AE9-8C38-041376F202FE} = {B7A3D885-5A9F-4987-819D-E83C93EA44B8}
		{F71BFB70-D8AA-4FC2-9E2A-47B83F12FA05} = {B7A3D885-5A9F-4987-819D-E83C93EA44B8}
		{5A46F557-2FC1-4338-93BC-21BF2B8EB26C} = {B7A3D885-5A9F-4987-819D-E83C93EA44B8}
	EndGlobalSection
EndGlobal
