
Microsoft Visual Studio Solution File, Format Version 12.00
# Visual Studio 14
VisualStudioVersion = 14.0.23107.0
MinimumVisualStudioVersion = 10.0.40219.1
Project("{FAE04EC0-301F-11D3-BF4B-00C04F79EFBC}") = "Cake.Core", "Cake.Core\Cake.Core.csproj", "{8074B833-11B8-459F-BB98-BFBA2BC5C698}"
EndProject
Project("{FAE04EC0-301F-11D3-BF4B-00C04F79EFBC}") = "Cake.Core.Tests", "Cake.Core.Tests\Cake.Core.Tests.csproj", "{75F86C7D-AF8D-4948-91A4-8D54A6F8655D}"
EndProject
Project("{FAE04EC0-301F-11D3-BF4B-00C04F79EFBC}") = "Cake.Common", "Cake.Common\Cake.Common.csproj", "{ABC3F1CB-F84E-43ED-A120-0CCFE344D250}"
EndProject
Project("{FAE04EC0-301F-11D3-BF4B-00C04F79EFBC}") = "Cake.Common.Tests", "Cake.Common.Tests\Cake.Common.Tests.csproj", "{9FF2440F-1ADC-4263-831A-A687543383AD}"
EndProject
Project("{FAE04EC0-301F-11D3-BF4B-00C04F79EFBC}") = "Cake", "Cake\Cake.csproj", "{1BF8D4F1-86D3-4B7B-BAF6-4CF3D863B819}"
EndProject
Project("{FAE04EC0-301F-11D3-BF4B-00C04F79EFBC}") = "Cake.Tests", "Cake.Tests\Cake.Tests.csproj", "{9C5DC58C-D8BF-4E80-962C-05E6457EB5A9}"
EndProject
Project("{2150E333-8FDC-42A3-9474-1A3956D46DE8}") = "Meta", "Meta", "{E9FAF832-F327-4F36-8AB3-2A96345DB1A9}"
	ProjectSection(SolutionItems) = preProject
		..\LICENSE = ..\LICENSE
		..\README.md = ..\README.md
		..\ReleaseNotes.md = ..\ReleaseNotes.md
	EndProjectSection
EndProject
Project("{2150E333-8FDC-42A3-9474-1A3956D46DE8}") = "Build", "Build", "{A01118B7-C6FC-4B0B-8B5C-F580F31FE57D}"
	ProjectSection(SolutionItems) = preProject
		..\build.cake = ..\build.cake
		..\build.ps1 = ..\build.ps1
		..\utilities.cake = ..\utilities.cake
	EndProjectSection
EndProject
Project("{2150E333-8FDC-42A3-9474-1A3956D46DE8}") = "nuspec", "nuspec", "{B38B35F5-812A-4E4C-B267-71254A7EEF17}"
	ProjectSection(SolutionItems) = preProject
		..\nuspec\Cake.Common.nuspec = ..\nuspec\Cake.Common.nuspec
		..\nuspec\Cake.Core.nuspec = ..\nuspec\Cake.Core.nuspec
		..\nuspec\Cake.nuspec = ..\nuspec\Cake.nuspec
	EndProjectSection
EndProject
Project("{2150E333-8FDC-42A3-9474-1A3956D46DE8}") = "Tests", "Tests", "{8615F41E-65C7-4BE5-AFD4-C9C78912AF80}"
EndProject
Project("{FAE04EC0-301F-11D3-BF4B-00C04F79EFBC}") = "Cake.Testing", "Cake.Testing\Cake.Testing.csproj", "{5572610D-D857-450A-9CC9-F3E08B0E1449}"
EndProject
Global
	GlobalSection(SolutionConfigurationPlatforms) = preSolution
		Debug|Any CPU = Debug|Any CPU
		Release|Any CPU = Release|Any CPU
	EndGlobalSection
	GlobalSection(ProjectConfigurationPlatforms) = postSolution
		{8074B833-11B8-459F-BB98-BFBA2BC5C698}.Debug|Any CPU.ActiveCfg = Debug|Any CPU
		{8074B833-11B8-459F-BB98-BFBA2BC5C698}.Debug|Any CPU.Build.0 = Debug|Any CPU
		{8074B833-11B8-459F-BB98-BFBA2BC5C698}.Release|Any CPU.ActiveCfg = Release|Any CPU
		{8074B833-11B8-459F-BB98-BFBA2BC5C698}.Release|Any CPU.Build.0 = Release|Any CPU
		{75F86C7D-AF8D-4948-91A4-8D54A6F8655D}.Debug|Any CPU.ActiveCfg = Debug|Any CPU
		{75F86C7D-AF8D-4948-91A4-8D54A6F8655D}.Debug|Any CPU.Build.0 = Debug|Any CPU
		{75F86C7D-AF8D-4948-91A4-8D54A6F8655D}.Release|Any CPU.ActiveCfg = Release|Any CPU
		{75F86C7D-AF8D-4948-91A4-8D54A6F8655D}.Release|Any CPU.Build.0 = Release|Any CPU
		{ABC3F1CB-F84E-43ED-A120-0CCFE344D250}.Debug|Any CPU.ActiveCfg = Debug|Any CPU
		{ABC3F1CB-F84E-43ED-A120-0CCFE344D250}.Debug|Any CPU.Build.0 = Debug|Any CPU
		{ABC3F1CB-F84E-43ED-A120-0CCFE344D250}.Release|Any CPU.ActiveCfg = Release|Any CPU
		{ABC3F1CB-F84E-43ED-A120-0CCFE344D250}.Release|Any CPU.Build.0 = Release|Any CPU
		{9FF2440F-1ADC-4263-831A-A687543383AD}.Debug|Any CPU.ActiveCfg = Debug|Any CPU
		{9FF2440F-1ADC-4263-831A-A687543383AD}.Debug|Any CPU.Build.0 = Debug|Any CPU
		{9FF2440F-1ADC-4263-831A-A687543383AD}.Release|Any CPU.ActiveCfg = Release|Any CPU
		{9FF2440F-1ADC-4263-831A-A687543383AD}.Release|Any CPU.Build.0 = Release|Any CPU
		{1BF8D4F1-86D3-4B7B-BAF6-4CF3D863B819}.Debug|Any CPU.ActiveCfg = Debug|Any CPU
		{1BF8D4F1-86D3-4B7B-BAF6-4CF3D863B819}.Debug|Any CPU.Build.0 = Debug|Any CPU
		{1BF8D4F1-86D3-4B7B-BAF6-4CF3D863B819}.Release|Any CPU.ActiveCfg = Release|Any CPU
		{1BF8D4F1-86D3-4B7B-BAF6-4CF3D863B819}.Release|Any CPU.Build.0 = Release|Any CPU
		{9C5DC58C-D8BF-4E80-962C-05E6457EB5A9}.Debug|Any CPU.ActiveCfg = Debug|Any CPU
		{9C5DC58C-D8BF-4E80-962C-05E6457EB5A9}.Debug|Any CPU.Build.0 = Debug|Any CPU
		{9C5DC58C-D8BF-4E80-962C-05E6457EB5A9}.Release|Any CPU.ActiveCfg = Release|Any CPU
		{9C5DC58C-D8BF-4E80-962C-05E6457EB5A9}.Release|Any CPU.Build.0 = Release|Any CPU
		{5572610D-D857-450A-9CC9-F3E08B0E1449}.Debug|Any CPU.ActiveCfg = Debug|Any CPU
		{5572610D-D857-450A-9CC9-F3E08B0E1449}.Debug|Any CPU.Build.0 = Debug|Any CPU
		{5572610D-D857-450A-9CC9-F3E08B0E1449}.Release|Any CPU.ActiveCfg = Release|Any CPU
		{5572610D-D857-450A-9CC9-F3E08B0E1449}.Release|Any CPU.Build.0 = Release|Any CPU
	EndGlobalSection
	GlobalSection(SolutionProperties) = preSolution
		HideSolutionNode = FALSE
	EndGlobalSection
	GlobalSection(NestedProjects) = preSolution
		{75F86C7D-AF8D-4948-91A4-8D54A6F8655D} = {8615F41E-65C7-4BE5-AFD4-C9C78912AF80}
		{9FF2440F-1ADC-4263-831A-A687543383AD} = {8615F41E-65C7-4BE5-AFD4-C9C78912AF80}
		{9C5DC58C-D8BF-4E80-962C-05E6457EB5A9} = {8615F41E-65C7-4BE5-AFD4-C9C78912AF80}
		{B38B35F5-812A-4E4C-B267-71254A7EEF17} = {A01118B7-C6FC-4B0B-8B5C-F580F31FE57D}
	EndGlobalSection
EndGlobal
