
Microsoft Visual Studio Solution File, Format Version 12.00
# Visual Studio 14
VisualStudioVersion = 14.0.25420.1
MinimumVisualStudioVersion = 10.0.40219.1
Project("{FAE04EC0-301F-11D3-BF4B-00C04F79EFBC}") = "Cake.DotNet.Module", "Cake.DotNet.Module\Cake.DotNet.Module.csproj", "{666C4FA1-0963-4836-9E54-89FBBE4C9381}"
EndProject
Project("{FAE04EC0-301F-11D3-BF4B-00C04F79EFBC}") = "Cake.DotNet.Module.Tests", "Cake.DotNet.Module.Tests\Cake.DotNet.Module.Tests.csproj", "{1A12838D-0FD6-448E-834F-23927CF9D91E}"
EndProject
Global
	GlobalSection(SolutionConfigurationPlatforms) = preSolution
		Debug|Any CPU = Debug|Any CPU
		Release|Any CPU = Release|Any CPU
	EndGlobalSection
	GlobalSection(ProjectConfigurationPlatforms) = postSolution
		{666C4FA1-0963-4836-9E54-89FBBE4C9381}.Debug|Any CPU.ActiveCfg = Debug|Any CPU
		{666C4FA1-0963-4836-9E54-89FBBE4C9381}.Debug|Any CPU.Build.0 = Debug|Any CPU
		{666C4FA1-0963-4836-9E54-89FBBE4C9381}.Release|Any CPU.ActiveCfg = Release|Any CPU
		{666C4FA1-0963-4836-9E54-89FBBE4C9381}.Release|Any CPU.Build.0 = Release|Any CPU
		{1A12838D-0FD6-448E-834F-23927CF9D91E}.Debug|Any CPU.ActiveCfg = Debug|Any CPU
		{1A12838D-0FD6-448E-834F-23927CF9D91E}.Debug|Any CPU.Build.0 = Debug|Any CPU
		{1A12838D-0FD6-448E-834F-23927CF9D91E}.Release|Any CPU.ActiveCfg = Release|Any CPU
		{1A12838D-0FD6-448E-834F-23927CF9D91E}.Release|Any CPU.Build.0 = Release|Any CPU
	EndGlobalSection
	GlobalSection(SolutionProperties) = preSolution
		HideSolutionNode = FALSE
	EndGlobalSection
EndGlobal
